{
  "version": "3",
  "packages": {
    "specifiers": {
      "npm:@noble/curves@1.2.0": "npm:@noble/curves@1.2.0",
      "npm:@noble/hashes@1.3.2": "npm:@noble/hashes@1.3.2"
    },
    "npm": {
      "@noble/curves@1.2.0": {
        "integrity": "sha512-oYclrNgRaM9SsBUBVbb8M6DTV7ZHRTKugureoYEncY5c65HOmRzvSiTE3y5CYaPYJA/GVkrhXEoF0M3Ya9PMnw==",
        "dependencies": {
          "@noble/hashes": "@noble/hashes@1.3.2"
        }
      },
      "@noble/hashes@1.3.2": {
        "integrity": "sha512-MVC8EAQp7MvEcm30KWENFjgR+Mkmf+D189XJTkFIlwohU5hcBbn1ZkKq7KVTi2Hme3PMGF390DaL52beVrIihQ==",
        "dependencies": {}
      }
    }
  },
  "remote": {
    "https://deno.land/std@0.186.0/async/deferred.ts": "42790112f36a75a57db4a96d33974a936deb7b04d25c6084a9fa8a49f135def8",
    "https://deno.land/std@0.204.0/assert/assert.ts": "9a97dad6d98c238938e7540736b826440ad8c1c1e54430ca4c4e623e585607ee",
    "https://deno.land/std@0.204.0/assert/assertion_error.ts": "4d0bde9b374dfbcbe8ac23f54f567b77024fb67dbb1906a852d67fe050d42f56",
    "https://deno.land/std@0.204.0/async/deferred.ts": "42790112f36a75a57db4a96d33974a936deb7b04d25c6084a9fa8a49f135def8",
    "https://deno.land/std@0.204.0/bytes/concat.ts": "d26d6f3d7922e6d663dacfcd357563b7bf4a380ce5b9c2bbe0c8586662f25ce2",
    "https://deno.land/std@0.204.0/bytes/copy.ts": "939d89e302a9761dcf1d9c937c7711174ed74c59eef40a1e4569a05c9de88219",
    "https://deno.land/std@0.204.0/dotenv/load.ts": "0636983549b98f29ab75c9a22a42d9723f0a389ece5498fe971e7bb2556a12e2",
    "https://deno.land/std@0.204.0/dotenv/mod.ts": "1da8c6d0e7f7d8a5c2b19400b763bc11739df24acec235dda7ea2cfd3d300057",
    "https://deno.land/std@0.204.0/io/buffer.ts": "2108faba32659e5a390bb59b1b4578ff0120b185d9310dd6fbf3b3a3d5775715",
    "https://deno.land/std@0.204.0/streams/_common.ts": "3b2c1f0287ce2ad51fff4091a7d0f48375c85b0ec341468e76d5ac13bb0014dd",
    "https://deno.land/std@0.204.0/streams/buffer.ts": "6cd773d22cf21bb988a98cc551b5abfc4c3b03516f93eaa3fb6f2f6e16032deb",
    "https://deno.land/std@0.204.0/streams/byte_slice_stream.ts": "c46d7c74836fc8c1a9acd9fe211cbe1bbaaee1b36087c834fb03af4991135c3a",
    "https://deno.land/std@0.204.0/streams/copy.ts": "bbd406bd9a71034a412c05bb0fd8b7964cc7f2e2ad0f0a1cc0463cdc816d540b",
    "https://deno.land/std@0.204.0/streams/delimiter_stream.ts": "ea793d21bfaae27163f0b50d26298a2ad543803283aeaff082df50dd9c08614f",
    "https://deno.land/std@0.204.0/streams/early_zip_readable_streams.ts": "4005fa74162b943f79899e5d7cb96adcbc0a6b867f9144974ed12d30e0a556e1",
    "https://deno.land/std@0.204.0/streams/iterate_reader.ts": "3b42d3056c8ccade561f1c7ac22d5e671e745933d9f9168fd3b5913588d911c3",
    "https://deno.land/std@0.204.0/streams/limited_bytes_transform_stream.ts": "05dc592ffaab83257494d22dd53917e56243c26e5e3129b3f13ddbbbc4785048",
    "https://deno.land/std@0.204.0/streams/limited_transform_stream.ts": "d69ab790232c1b86f53621ad41ef03c235f2abb4b7a1cd51960ad6e12ee55e38",
    "https://deno.land/std@0.204.0/streams/merge_readable_streams.ts": "6ec024e26e118a7c7cc5b2a0c062ace693b7d38bbcda5707975ccad423940f1b",
    "https://deno.land/std@0.204.0/streams/mod.ts": "e133c271474f1e9dc19f5c4959406f5c2101540c56a3e7d7abc6bdb7bcef807e",
    "https://deno.land/std@0.204.0/streams/read_all.ts": "3b20a50af87d1bfebefa9c2dbda49e2b214d8ab0382ffdcc8ce858af80a912be",
    "https://deno.land/std@0.204.0/streams/readable_stream_from_reader.ts": "c4078b6fd4832748f979cb211facf483c82a840f3c0d88752f46d4dcddb3110a",
    "https://deno.land/std@0.204.0/streams/reader_from_iterable.ts": "91d578a6c75e443654a75580a67cf3af1eeb4b186fa0b309f35b49c9c53be2b7",
    "https://deno.land/std@0.204.0/streams/reader_from_stream_reader.ts": "53dfdb6c608005eb9e0610a9f9cbc51c66f34a519363f1abd4e8a09ab4ad8f9e",
    "https://deno.land/std@0.204.0/streams/text_delimiter_stream.ts": "f0dc8ff953a8a77f0d1fa8db1fee62de817f36e20d79b00b1362847e30fbdd90",
    "https://deno.land/std@0.204.0/streams/text_line_stream.ts": "0f2c4b33a5fdb2476f2e060974cba1347cefe99a4af33c28a57524b1a34750fa",
    "https://deno.land/std@0.204.0/streams/to_array_buffer.ts": "de5803ef98cf2bfd8eeaaa17ae4f4d0364377bd6f6e425110e7010c1cb48196b",
    "https://deno.land/std@0.204.0/streams/to_blob.ts": "4cf929b3ffe5d4dbe445d572246159ee2eebf69e998a0ba867b9048fb6e92797",
    "https://deno.land/std@0.204.0/streams/to_json.ts": "10635fac9826392bb8e70bc8354d3beb1058fa1676aa9b6f98257a0d5575f520",
    "https://deno.land/std@0.204.0/streams/to_text.ts": "4018b5f7a0e7ab28d6957c239e401f8b534ef326b7ebd282ca76b3cd55380aab",
    "https://deno.land/std@0.204.0/streams/to_transform_stream.ts": "50af06140c414090df8c3879f46bed4043a5d73caa60352c0c9682a88ec7a8c9",
    "https://deno.land/std@0.204.0/streams/writable_stream_from_writer.ts": "b5ee3ef4d5be0b3214cddf0f87e804a6a31b9a5632c96277912e7543eaec9f40",
    "https://deno.land/std@0.204.0/streams/write_all.ts": "4cdd36256f892fe7aead46338054f6ea813a63765e87bda4c60e8c5a57d1c5c1",
    "https://deno.land/std@0.204.0/streams/writer_from_stream_writer.ts": "7188ce589d6179693b488b478c05137d4d15b93735ca26ec01e6e44aed8cb0c6",
    "https://deno.land/std@0.204.0/streams/zip_readable_streams.ts": "721c5bce8862c8225e60995b2d61c7b1b1d5b5178b60d303a01f453d5c26bb62",
    "https://deno.land/x/async@v2.0.2/lock.ts": "fd7dc5b54c72d0093072adddb1691e1ae4a801c55b2015589454ea60f1c59adb",
    "https://deno.land/x/async@v2.0.2/mutex.ts": "312dcad7468c82f84fd018be157df451361ed19bdc12fd59af8d12b2e6c3ae28",
    "https://deno.land/x/async@v2.0.2/notify.ts": "3127ab5835c97527fdf978a5ec5844d71a2fd62a75988db6f175aac6f61259d0",
    "https://deno.land/x/lophus@0.0.7/core/clients.ts": "8bc2792d63eb00f556c39e888d38a5c050b6aaec2b3156029fd332d79ab7087b",
    "https://deno.land/x/lophus@0.0.7/core/nodes.ts": "752ec1f6f41b427c6dfc405add7cf29bca231204dcada3acd4a729d3cb53fb95",
    "https://deno.land/x/lophus@0.0.7/core/relays.ts": "37b2225b3bb09d0088c9b5fe38427832835af3da27416270d967dadb8a54ffe4",
    "https://deno.land/x/lophus@0.0.7/core/relays.ts?nips=1": "37b2225b3bb09d0088c9b5fe38427832835af3da27416270d967dadb8a54ffe4",
    "https://deno.land/x/lophus@0.0.7/core/streams.ts": "735e2bcab4cba30b52bcdc2182c938b65d8fbdcc1e5e3db29ef97c237b8b3709",
    "https://deno.land/x/lophus@0.0.7/core/types.ts": "33497817a05351b0aa2399c83f0e26ee2b4db77a07b934570e6621e1a7d14c9e",
    "https://deno.land/x/lophus@0.0.7/core/websockets.ts": "287b0eadd51146252574b353d38e94a4bd5d9a79829c5d094d69aef2117dbd97",
    "https://deno.land/x/lophus@0.0.7/core/x/async.ts": "5d0b855a1b0c0af9955978530108cf1b81645698093ed4e12a5804a2bc9f190c",
    "https://deno.land/x/lophus@0.0.7/lib/env.ts": "ca0bc2ef309682d561947d11f24ce693f79409323fe613088099fa0f4c7d7c1c",
    "https://deno.land/x/lophus@0.0.7/lib/events.ts": "b79db6dc90b15c687d1013ba42ea223e612dfe10163ebd01253716c6f1f9aa77",
    "https://deno.land/x/lophus@0.0.7/lib/logging.ts": "367194e4d8a7090ff456756b5a298c027e6176447279ededde391838aa050f8e",
    "https://deno.land/x/lophus@0.0.7/lib/pools.ts": "d0a5f7ae9a87665f9c0a69e2ac2fd977050bc1f27b4c26ce82f05ba04644aa5c",
    "https://deno.land/x/lophus@0.0.7/lib/signs.ts": "99a53118326cba4f42f6250f029936cdaf547f9aa7a2ec12eaccbf3ebdd5de03",
    "https://deno.land/x/lophus@0.0.7/lib/std/streams.ts": "4999846634a88797cfb3a43d3342f4991618887a457799561e3019ebaacad490",
    "https://deno.land/x/lophus@0.0.7/lib/streams.ts": "79e35e8c47182be2c3e5074d1839dd245e760dc2a670ff1ee1066eebd1847cd1",
    "https://deno.land/x/lophus@0.0.7/lib/times.ts": "ba5a0a5a08430993aac45e1262f97e38b04ac0fb69f6882153d2aea030abe442",
    "https://deno.land/x/lophus@0.0.7/lib/x/noble.ts": "03e7790b1c15ad4d3cbaca7928f522dd91300b3f3f98c068b05ad1b686e7b77e",
    "https://deno.land/x/lophus@0.0.7/mod.ts": "621ff9eae0d8aebdea6936efd1313d919aec96423f89fe790c0430dbb89e1a00"
  }
}
