{
  "version": "3",
  "packages": {
    "specifiers": {
      "npm:@noble/curves@1.2.0": "npm:@noble/curves@1.2.0",
      "npm:@noble/hashes@1.3.2": "npm:@noble/hashes@1.3.2"
    },
    "npm": {
      "@noble/curves@1.2.0": {
        "integrity": "sha512-oYclrNgRaM9SsBUBVbb8M6DTV7ZHRTKugureoYEncY5c65HOmRzvSiTE3y5CYaPYJA/GVkrhXEoF0M3Ya9PMnw==",
        "dependencies": {
          "@noble/hashes": "@noble/hashes@1.3.2"
        }
      },
      "@noble/hashes@1.3.2": {
        "integrity": "sha512-MVC8EAQp7MvEcm30KWENFjgR+Mkmf+D189XJTkFIlwohU5hcBbn1ZkKq7KVTi2Hme3PMGF390DaL52beVrIihQ==",
        "dependencies": {}
      }
    }
  },
  "remote": {
    "https://deno.land/std@0.186.0/async/deferred.ts": "42790112f36a75a57db4a96d33974a936deb7b04d25c6084a9fa8a49f135def8",
    "https://deno.land/std@0.204.0/dotenv/load.ts": "0636983549b98f29ab75c9a22a42d9723f0a389ece5498fe971e7bb2556a12e2",
    "https://deno.land/std@0.204.0/dotenv/mod.ts": "1da8c6d0e7f7d8a5c2b19400b763bc11739df24acec235dda7ea2cfd3d300057",
    "https://deno.land/x/async@v2.0.2/lock.ts": "fd7dc5b54c72d0093072adddb1691e1ae4a801c55b2015589454ea60f1c59adb",
    "https://deno.land/x/async@v2.0.2/mutex.ts": "312dcad7468c82f84fd018be157df451361ed19bdc12fd59af8d12b2e6c3ae28",
    "https://deno.land/x/lophus@0.0.8/core/clients.ts": "89140c947e8d427f1cd16081d6fa54777b003b9fa1f8b4724bc6c09cd69f8e62",
    "https://deno.land/x/lophus@0.0.8/core/nips.ts": "38f4a13cee5538c2955df1258ee7280a2c43b128a2fcb0b6c9032c32f8f30b74",
    "https://deno.land/x/lophus@0.0.8/core/nodes.ts": "381c7c6c182427bc90edd8c02e3555ef310c84819050ed27ddd8b0c11d0b4484",
    "https://deno.land/x/lophus@0.0.8/core/relays.ts": "6af04067d4e79db9e3978a552a71c1489119b6b895ed5e8a75f7c6dcba5fce61",
    "https://deno.land/x/lophus@0.0.8/core/relays.ts?nips=1": "6af04067d4e79db9e3978a552a71c1489119b6b895ed5e8a75f7c6dcba5fce61",
    "https://deno.land/x/lophus@0.0.8/core/streams.ts": "735e2bcab4cba30b52bcdc2182c938b65d8fbdcc1e5e3db29ef97c237b8b3709",
    "https://deno.land/x/lophus@0.0.8/core/types.ts": "33497817a05351b0aa2399c83f0e26ee2b4db77a07b934570e6621e1a7d14c9e",
    "https://deno.land/x/lophus@0.0.8/core/websockets.ts": "4ba09b19f7ab0051f25b95777002a879ab94a17b0c801d4552b133d94abe6bc4",
    "https://deno.land/x/lophus@0.0.8/core/x/async.ts": "a26f429bdc48f0af44dae581e442c2bd80b982c2ca467cf6ce61fdbe8aadb236",
    "https://deno.land/x/lophus@0.0.8/lib/env.ts": "ca0bc2ef309682d561947d11f24ce693f79409323fe613088099fa0f4c7d7c1c",
    "https://deno.land/x/lophus@0.0.8/lib/events.ts": "b79db6dc90b15c687d1013ba42ea223e612dfe10163ebd01253716c6f1f9aa77",
    "https://deno.land/x/lophus@0.0.8/lib/logging.ts": "367194e4d8a7090ff456756b5a298c027e6176447279ededde391838aa050f8e",
    "https://deno.land/x/lophus@0.0.8/lib/relays.ts": "33ec6d2874e0c2cc82ba7564c3b8fba66b8ee38e2e089333c60cce728904597f",
    "https://deno.land/x/lophus@0.0.8/lib/signs.ts": "f58a762365f750695c8acef64d12c3d6984212790a651997714f3c9780e4fd1d",
    "https://deno.land/x/lophus@0.0.8/lib/streams.ts": "23d46c6190e33f2526cb5e8a1a13348b2fa394e8303b3e530d1640f4585e8042",
    "https://deno.land/x/lophus@0.0.8/lib/times.ts": "ba5a0a5a08430993aac45e1262f97e38b04ac0fb69f6882153d2aea030abe442",
    "https://deno.land/x/lophus@0.0.8/lib/types.ts": "a093ed234dc4ff9b22affc39c1037d7796a016d5379073d335cee5f5aa5d1dde",
    "https://deno.land/x/lophus@0.0.8/lib/x/noble.ts": "03e7790b1c15ad4d3cbaca7928f522dd91300b3f3f98c068b05ad1b686e7b77e",
    "https://deno.land/x/lophus@0.0.8/mod.ts": "621ff9eae0d8aebdea6936efd1313d919aec96423f89fe790c0430dbb89e1a00"
  }
}
