{
  "version": "3",
  "packages": {
    "specifiers": {
      "npm:@noble/curves@1.3.0": "npm:@noble/curves@1.3.0",
      "npm:@noble/hashes@1.3.3": "npm:@noble/hashes@1.3.3"
    },
    "npm": {
      "@noble/curves@1.3.0": {
        "integrity": "sha512-t01iSXPuN+Eqzb4eBX0S5oubSqXbK/xXa1Ne18Hj8f9pStxztHCE2gfboSp/dZRLSqfuLpRK2nDXDK+W9puocA==",
        "dependencies": {
          "@noble/hashes": "@noble/hashes@1.3.3"
        }
      },
      "@noble/hashes@1.3.3": {
        "integrity": "sha512-V7/fPHgl+jsVPXqqeOzT8egNj2iBIVt+ECeMMG8TdcnTikP3oaBtUVqpT/gYCR68aEBJSF+XbYUxStjbFMqIIA==",
        "dependencies": {}
      }
    }
  },
  "remote": {
    "https://deno.land/std@0.217.0/assert/assert.ts": "bec068b2fccdd434c138a555b19a2c2393b71dfaada02b7d568a01541e67cdc5",
    "https://deno.land/std@0.217.0/assert/assertion_error.ts": "9f689a101ee586c4ce92f52fa7ddd362e86434ffdf1f848e45987dc7689976b8",
    "https://deno.land/std@0.217.0/bytes/concat.ts": "9cac3b4376afbef98ff03588eb3cf948e0d1eb6c27cfe81a7651ab6dd3adc54a",
    "https://deno.land/std@0.217.0/bytes/copy.ts": "f29c03168853720dfe82eaa57793d0b9e3543ebfe5306684182f0f1e3bfd422a",
    "https://deno.land/std@0.217.0/dotenv/load.ts": "587b342f0f6a3df071331fe6ba1c823729ab68f7d53805809475e486dd4161d7",
    "https://deno.land/std@0.217.0/dotenv/mod.ts": "0180eaeedaaf88647318811cdaa418cc64dc51fb08354f91f5f480d0a1309f7d",
    "https://deno.land/std@0.217.0/dotenv/parse.ts": "a49ed243bd62ec26f38614042cda4e5e3a47b18337c93b0f9f8556a5c918884b",
    "https://deno.land/std@0.217.0/dotenv/stringify.ts": "0047ad7068289735d08964046aea267a750c141b494ca0e38831b89be6c020c2",
    "https://deno.land/std@0.217.0/io/_common.ts": "36705cdb4dfcd338d6131bca1b16e48a4d5bf0d1dada6ce397268e88c17a5835",
    "https://deno.land/std@0.217.0/io/_constants.ts": "3c7ad4695832e6e4a32e35f218c70376b62bc78621ef069a4a0a3d55739f8856",
    "https://deno.land/std@0.217.0/io/buffer.ts": "4d1f805f350433e418002accec798bc6c33ce18f614afa65f987c202d7b2234e",
    "https://deno.land/std@0.217.0/io/iterate_reader.ts": "1e5e4fea22d8965afb7df4ee9ab9adda0a0fc581adbea31bc2f2d25453f8a6e9",
    "https://deno.land/std@0.217.0/io/reader_from_stream_reader.ts": "a75bbc93f39df8b0e372cc1fbdc416a7cbf2a39fc4c09ddb057f1241100191c5",
    "https://deno.land/std@0.217.0/io/to_readable_stream.ts": "ed03a44a1ec1cc55a85a857acf6cac472035298f6f3b6207ea209f93b4aefb39",
    "https://deno.land/std@0.217.0/io/to_writable_stream.ts": "ef422e0425963c8a1e0481674e66c3023da50f0acbe5ef51ec9789efc3c1e2ed",
    "https://deno.land/std@0.217.0/io/types.ts": "acecb3074c730b5ff487ba4fe9ce51e67bd982aa07c95e5f5679b7b2f24ad129",
    "https://deno.land/std@0.217.0/io/write_all.ts": "24aac2312bb21096ae3ae0b102b22c26164d3249dff96dbac130958aa736f038",
    "https://deno.land/std@0.217.0/streams/_common.ts": "4f9f2958d853b9a456be033631dabb7519daa68ee4d02caf53e2ecbffaf5805f",
    "https://deno.land/std@0.217.0/streams/buffer.ts": "e012de72a53ad17c56512488e9afb6f4b6ed046b32fc1415ae7a4e6fc0efce38",
    "https://deno.land/std@0.217.0/streams/byte_slice_stream.ts": "5bbdcadb118390affa9b3d0a0f73ef8e83754f59bb89df349add669dd9369713",
    "https://deno.land/std@0.217.0/streams/delimiter_stream.ts": "45271f9db844e8e501a6df75b946cd2a5e01663de0e9ccf26b92996983e0cdbe",
    "https://deno.land/std@0.217.0/streams/early_zip_readable_streams.ts": "21f5cf6dd36381c6a50c31a7727b5bd219f6382bbb7a413418595c3e466c4d14",
    "https://deno.land/std@0.217.0/streams/iterate_reader.ts": "a50bed95514736c3c554e4c69ea2d8d2699252e4e74507769999d22c3886c777",
    "https://deno.land/std@0.217.0/streams/limited_bytes_transform_stream.ts": "b22a45a337374e863c4eb1867ec6b8ad3e68620a6c52fe837746060ea610e6f1",
    "https://deno.land/std@0.217.0/streams/limited_transform_stream.ts": "4c47da5ca38a30fa9f33b0f1a61d4548e7f52a9a58c294b0f430f680e44cc543",
    "https://deno.land/std@0.217.0/streams/merge_readable_streams.ts": "9c541012e130d6e36086b6b8c197078a6053f5446367e33f233b71858a2c03cc",
    "https://deno.land/std@0.217.0/streams/mod.ts": "d56624832b9649b680c74ab9c77e746e8be81ae1a24756cc04623e25a0d43ce9",
    "https://deno.land/std@0.217.0/streams/readable_stream_from_reader.ts": "4289a63836f73901441c1879f2be76eea2a983920f4b10a4a9b8a6d8c29ece56",
    "https://deno.land/std@0.217.0/streams/reader_from_iterable.ts": "cf7785e518beaaba1dfb3ff4ae854bb76499bbc1f013910af6402ec7643bf769",
    "https://deno.land/std@0.217.0/streams/reader_from_stream_reader.ts": "dda702bd365a133be8bdbc5a1ba96c67b350c3504410632f3a833895bfc7bae3",
    "https://deno.land/std@0.217.0/streams/text_delimiter_stream.ts": "ef0d7898cea4a9fff850173ed9f3d2cf9e42ba858d8175bd89fe851c8dfa6a6e",
    "https://deno.land/std@0.217.0/streams/text_line_stream.ts": "21f33d3922e019ec1a1676474beb543929cb564ec99b69cd2654e029e0f45bd5",
    "https://deno.land/std@0.217.0/streams/to_array_buffer.ts": "1a9c07c4a396ce557ab205c44415815ab13b614fed94a12f62b80f8e650c726d",
    "https://deno.land/std@0.217.0/streams/to_blob.ts": "bf5daaae50fa8f57e0c8bfd7474ebac16ac09e130e3d01ef2947ae5153912b4a",
    "https://deno.land/std@0.217.0/streams/to_json.ts": "b6a908d0da7cd30956e5fbbfa7460747e50b8f307d1041282ed6fe9070d579ee",
    "https://deno.land/std@0.217.0/streams/to_text.ts": "6f93593bdfc2cea5cca39755ea5caf0d4092580c0a713dfe04a1e85c60df331f",
    "https://deno.land/std@0.217.0/streams/to_transform_stream.ts": "4c4836455ef89bab9ece55975ee3a819f07d3d8b0e43101ec7f4ed033c8a2b61",
    "https://deno.land/std@0.217.0/streams/writable_stream_from_writer.ts": "62f2712d3a7bebd981fca8bd5140192c37450f9c4aa94283f7ca833e46bc7485",
    "https://deno.land/std@0.217.0/streams/writer_from_stream_writer.ts": "b0e39ef607dfdc5abdfb627edf61a9672809463e2bb022afcbaf0cd006c40feb",
    "https://deno.land/std@0.217.0/streams/zip_readable_streams.ts": "53eb10d7557539b489bd858907aab6dd28247f074b3446573801de3150cb932e",
    "https://deno.land/x/lophus@0.0.13/core/clients.ts": "7a341153c9fdcb7aa06bfcbea773d289f2202eed2f827ac21661e1bdaae7c193",
    "https://deno.land/x/lophus@0.0.13/core/nodes.ts": "b8856baaf121c091cf85b087d2c329a497ae371904dd44cd3d0d1e96ca0d1c78",
    "https://deno.land/x/lophus@0.0.13/core/relays.ts": "92a2da9bad07464412526520c8fdd4daaee79cd038b11137d999a6ee124bac46",
    "https://deno.land/x/lophus@0.0.13/core/relays.ts?nips=1": "92a2da9bad07464412526520c8fdd4daaee79cd038b11137d999a6ee124bac46",
    "https://deno.land/x/lophus@0.0.13/core/relays.ts?nips=1,2": "92a2da9bad07464412526520c8fdd4daaee79cd038b11137d999a6ee124bac46",
    "https://deno.land/x/lophus@0.0.13/core/relays.ts?nips=1,7": "92a2da9bad07464412526520c8fdd4daaee79cd038b11137d999a6ee124bac46",
    "https://deno.land/x/lophus@0.0.13/core/types.ts": "8871f0a9d7e1de64dfa799cba37ab40b1798588d38b9dc3ee4f66d0a7f00409a",
    "https://deno.land/x/lophus@0.0.13/core/websockets.ts": "959111a9502bb63664657be73fc915197bc71a089ae6dc34330ade2aa57bcd4c",
    "https://deno.land/x/lophus@0.0.13/lib/env.ts": "77338237272d0e725c38b147f87bbc5be04edc1e7ad84b3b0bad2439c6e19d5d",
    "https://deno.land/x/lophus@0.0.13/lib/events.ts": "34268534578f78a0d79483dc04ba2aaa77a5e6e4d371abb3d9855c18fb354c64",
    "https://deno.land/x/lophus@0.0.13/lib/logging.ts": "367194e4d8a7090ff456756b5a298c027e6176447279ededde391838aa050f8e",
    "https://deno.land/x/lophus@0.0.13/lib/notes.ts": "32d394dd26dd78cf8cd50d2b0b70d0d82d9a25ce622e02d56b415e80362e8a75",
    "https://deno.land/x/lophus@0.0.13/lib/relays.ts": "ed32e3b6523e061efcffbfcfe2529149263dd2575c56d45b1a07e7f24b91b1c3",
    "https://deno.land/x/lophus@0.0.13/lib/signs.ts": "f184dc79034a5ab3212e5c6914e5172e7a375f65fcf52d2e37041a7d436647fd",
    "https://deno.land/x/lophus@0.0.13/lib/std/streams.ts": "1a1ce1db5e1ac2d1e1105302bf33dd4519a6950a5cbdc1916efee4e01eaae953",
    "https://deno.land/x/lophus@0.0.13/lib/streams.ts": "6a614199b85b1b62299376335d27e390372e4071d4bb0f6c801d7a97de129bc2",
    "https://deno.land/x/lophus@0.0.13/lib/times.ts": "ba5a0a5a08430993aac45e1262f97e38b04ac0fb69f6882153d2aea030abe442",
    "https://deno.land/x/lophus@0.0.13/lib/types.ts": "a093ed234dc4ff9b22affc39c1037d7796a016d5379073d335cee5f5aa5d1dde",
    "https://deno.land/x/lophus@0.0.13/lib/x/noble.ts": "35933a68d40125ce1989cfb2c35573afdf9e2d1ba10206bb3ac39589470134a8",
    "https://deno.land/x/lophus@0.0.13/mod.ts": "621ff9eae0d8aebdea6936efd1313d919aec96423f89fe790c0430dbb89e1a00",
    "https://deno.land/x/lophus@0.0.13/nips/01/relays.ts": "62460248b8fd13a5335ce34ce74c682c1a894a4608766daa95a388f16526f87f",
    "https://deno.land/x/lophus@0.0.13/nips/07/signs.ts": "5cde0f0fac847ad20b6569066b6efe5582843a346fd626fa6a0c9c27cb24dd0c"
  }
}
